// !$*UTF8*$!
{
	archiveVersion = 1;
	classes = {
	};
	objectVersion = 56;
	objects = {

/* Begin PBXBuildFile section */
		2ADB1E67291E889700586F81 /* DemoApp.swift in Sources */ = {isa = PBXBuildFile; fileRef = 2ADB1E66291E889700586F81 /* DemoApp.swift */; };
		2ADB1E69291E889700586F81 /* ContentView.swift in Sources */ = {isa = PBXBuildFile; fileRef = 2ADB1E68291E889700586F81 /* ContentView.swift */; };
		2ADB1E6B291E889E00586F81 /* Assets.xcassets in Resources */ = {isa = PBXBuildFile; fileRef = 2ADB1E6A291E889E00586F81 /* Assets.xcassets */; };
		2ADB1E6F291E889E00586F81 /* Preview Assets.xcassets in Resources */ = {isa = PBXBuildFile; fileRef = 2ADB1E6E291E889E00586F81 /* Preview Assets.xcassets */; };
		2ADB1E79291E889F00586F81 /* DemoTests.swift in Sources */ = {isa = PBXBuildFile; fileRef = 2ADB1E78291E889F00586F81 /* DemoTests.swift */; };
		2ADB1E83291E889F00586F81 /* DemoUITests.swift in Sources */ = {isa = PBXBuildFile; fileRef = 2ADB1E82291E889F00586F81 /* DemoUITests.swift */; };
		2ADB1E85291E889F00586F81 /* DemoUITestsLaunchTests.swift in Sources */ = {isa = PBXBuildFile; fileRef = 2ADB1E84291E889F00586F81 /* DemoUITestsLaunchTests.swift */; };
		2ADB1E95291E92EA00586F81 /* FloatingClouds.swift in Sources */ = {isa = PBXBuildFile; fileRef = 2ADB1E94291E92EA00586F81 /* FloatingClouds.swift */; };
		2ADB1E97291E92F300586F81 /* Cloud.swift in Sources */ = {isa = PBXBuildFile; fileRef = 2ADB1E96291E92F300586F81 /* Cloud.swift */; };
		2ADB1E99291E92FC00586F81 /* CloudProvider.swift in Sources */ = {isa = PBXBuildFile; fileRef = 2ADB1E98291E92FC00586F81 /* CloudProvider.swift */; };
		2ADB1E9C291EB74E00586F81 /* View+.swift in Sources */ = {isa = PBXBuildFile; fileRef = 2ADB1E9B291EB74E00586F81 /* View+.swift */; };
		2ADB1E9E291EB79300586F81 /* GradientViewModifier.swift in Sources */ = {isa = PBXBuildFile; fileRef = 2ADB1E9D291EB79300586F81 /* GradientViewModifier.swift */; };
		2ADB1EA0291EB79F00586F81 /* Sprites.swift in Sources */ = {isa = PBXBuildFile; fileRef = 2ADB1E9F291EB79F00586F81 /* Sprites.swift */; };
		2ADB1EA2291EB7A800586F81 /* Pokemon.swift in Sources */ = {isa = PBXBuildFile; fileRef = 2ADB1EA1291EB7A800586F81 /* Pokemon.swift */; };
		2ADB1EA5291EB7CE00586F81 /* PokeAPI.swift in Sources */ = {isa = PBXBuildFile; fileRef = 2ADB1EA4291EB7CE00586F81 /* PokeAPI.swift */; };
		2ADB1EA7291EB7D900586F81 /* Image+.swift in Sources */ = {isa = PBXBuildFile; fileRef = 2ADB1EA6291EB7D900586F81 /* Image+.swift */; };
		2ADB1EA9291EB7EB00586F81 /* ImageOptional.swift in Sources */ = {isa = PBXBuildFile; fileRef = 2ADB1EA8291EB7EB00586F81 /* ImageOptional.swift */; };
		2ADB1EAB291EB80300586F81 /* PokemonButton.swift in Sources */ = {isa = PBXBuildFile; fileRef = 2ADB1EAA291EB80300586F81 /* PokemonButton.swift */; };
		2ADB1EAD291EB81100586F81 /* PokemonView.swift in Sources */ = {isa = PBXBuildFile; fileRef = 2ADB1EAC291EB81100586F81 /* PokemonView.swift */; };
/* End PBXBuildFile section */

/* Begin PBXContainerItemProxy section */
		2ADB1E75291E889F00586F81 /* PBXContainerItemProxy */ = {
			isa = PBXContainerItemProxy;
			containerPortal = 2ADB1E5B291E889700586F81 /* Project object */;
			proxyType = 1;
			remoteGlobalIDString = 2ADB1E62291E889700586F81;
			remoteInfo = Demo;
		};
		2ADB1E7F291E889F00586F81 /* PBXContainerItemProxy */ = {
			isa = PBXContainerItemProxy;
			containerPortal = 2ADB1E5B291E889700586F81 /* Project object */;
			proxyType = 1;
			remoteGlobalIDString = 2ADB1E62291E889700586F81;
			remoteInfo = Demo;
		};
/* End PBXContainerItemProxy section */

/* Begin PBXFileReference section */
		2ADB1E63291E889700586F81 /* Demo.app */ = {isa = PBXFileReference; explicitFileType = wrapper.application; includeInIndex = 0; path = Demo.app; sourceTree = BUILT_PRODUCTS_DIR; };
		2ADB1E66291E889700586F81 /* DemoApp.swift */ = {isa = PBXFileReference; lastKnownFileType = sourcecode.swift; path = DemoApp.swift; sourceTree = "<group>"; };
		2ADB1E68291E889700586F81 /* ContentView.swift */ = {isa = PBXFileReference; lastKnownFileType = sourcecode.swift; path = ContentView.swift; sourceTree = "<group>"; };
		2ADB1E6A291E889E00586F81 /* Assets.xcassets */ = {isa = PBXFileReference; lastKnownFileType = folder.assetcatalog; path = Assets.xcassets; sourceTree = "<group>"; };
		2ADB1E6C291E889E00586F81 /* Demo.entitlements */ = {isa = PBXFileReference; lastKnownFileType = text.plist.entitlements; path = Demo.entitlements; sourceTree = "<group>"; };
		2ADB1E6E291E889E00586F81 /* Preview Assets.xcassets */ = {isa = PBXFileReference; lastKnownFileType = folder.assetcatalog; path = "Preview Assets.xcassets"; sourceTree = "<group>"; };
		2ADB1E74291E889F00586F81 /* DemoTests.xctest */ = {isa = PBXFileReference; explicitFileType = wrapper.cfbundle; includeInIndex = 0; path = DemoTests.xctest; sourceTree = BUILT_PRODUCTS_DIR; };
		2ADB1E78291E889F00586F81 /* DemoTests.swift */ = {isa = PBXFileReference; lastKnownFileType = sourcecode.swift; path = DemoTests.swift; sourceTree = "<group>"; };
		2ADB1E7E291E889F00586F81 /* DemoUITests.xctest */ = {isa = PBXFileReference; explicitFileType = wrapper.cfbundle; includeInIndex = 0; path = DemoUITests.xctest; sourceTree = BUILT_PRODUCTS_DIR; };
		2ADB1E82291E889F00586F81 /* DemoUITests.swift */ = {isa = PBXFileReference; lastKnownFileType = sourcecode.swift; path = DemoUITests.swift; sourceTree = "<group>"; };
		2ADB1E84291E889F00586F81 /* DemoUITestsLaunchTests.swift */ = {isa = PBXFileReference; lastKnownFileType = sourcecode.swift; path = DemoUITestsLaunchTests.swift; sourceTree = "<group>"; };
		2ADB1E94291E92EA00586F81 /* FloatingClouds.swift */ = {isa = PBXFileReference; lastKnownFileType = sourcecode.swift; path = FloatingClouds.swift; sourceTree = "<group>"; };
		2ADB1E96291E92F300586F81 /* Cloud.swift */ = {isa = PBXFileReference; lastKnownFileType = sourcecode.swift; path = Cloud.swift; sourceTree = "<group>"; };
		2ADB1E98291E92FC00586F81 /* CloudProvider.swift */ = {isa = PBXFileReference; lastKnownFileType = sourcecode.swift; path = CloudProvider.swift; sourceTree = "<group>"; };
		2ADB1E9B291EB74E00586F81 /* View+.swift */ = {isa = PBXFileReference; lastKnownFileType = sourcecode.swift; path = "View+.swift"; sourceTree = "<group>"; };
		2ADB1E9D291EB79300586F81 /* GradientViewModifier.swift */ = {isa = PBXFileReference; lastKnownFileType = sourcecode.swift; path = GradientViewModifier.swift; sourceTree = "<group>"; };
		2ADB1E9F291EB79F00586F81 /* Sprites.swift */ = {isa = PBXFileReference; lastKnownFileType = sourcecode.swift; path = Sprites.swift; sourceTree = "<group>"; };
		2ADB1EA1291EB7A800586F81 /* Pokemon.swift */ = {isa = PBXFileReference; lastKnownFileType = sourcecode.swift; path = Pokemon.swift; sourceTree = "<group>"; };
		2ADB1EA4291EB7CE00586F81 /* PokeAPI.swift */ = {isa = PBXFileReference; lastKnownFileType = sourcecode.swift; path = PokeAPI.swift; sourceTree = "<group>"; };
		2ADB1EA6291EB7D900586F81 /* Image+.swift */ = {isa = PBXFileReference; lastKnownFileType = sourcecode.swift; path = "Image+.swift"; sourceTree = "<group>"; };
		2ADB1EA8291EB7EB00586F81 /* ImageOptional.swift */ = {isa = PBXFileReference; lastKnownFileType = sourcecode.swift; path = ImageOptional.swift; sourceTree = "<group>"; };
		2ADB1EAA291EB80300586F81 /* PokemonButton.swift */ = {isa = PBXFileReference; lastKnownFileType = sourcecode.swift; path = PokemonButton.swift; sourceTree = "<group>"; };
		2ADB1EAC291EB81100586F81 /* PokemonView.swift */ = {isa = PBXFileReference; lastKnownFileType = sourcecode.swift; path = PokemonView.swift; sourceTree = "<group>"; };
/* End PBXFileReference section */

/* Begin PBXFrameworksBuildPhase section */
		2ADB1E60291E889700586F81 /* Frameworks */ = {
			isa = PBXFrameworksBuildPhase;
			buildActionMask = 2147483647;
			files = (
			);
			runOnlyForDeploymentPostprocessing = 0;
		};
		2ADB1E71291E889F00586F81 /* Frameworks */ = {
			isa = PBXFrameworksBuildPhase;
			buildActionMask = 2147483647;
			files = (
			);
			runOnlyForDeploymentPostprocessing = 0;
		};
		2ADB1E7B291E889F00586F81 /* Frameworks */ = {
			isa = PBXFrameworksBuildPhase;
			buildActionMask = 2147483647;
			files = (
			);
			runOnlyForDeploymentPostprocessing = 0;
		};
/* End PBXFrameworksBuildPhase section */

/* Begin PBXGroup section */
		2ADB1E5A291E889700586F81 = {
			isa = PBXGroup;
			children = (
				2ADB1E65291E889700586F81 /* Demo */,
				2ADB1E77291E889F00586F81 /* DemoTests */,
				2ADB1E81291E889F00586F81 /* DemoUITests */,
				2ADB1E64291E889700586F81 /* Products */,
			);
			sourceTree = "<group>";
		};
		2ADB1E64291E889700586F81 /* Products */ = {
			isa = PBXGroup;
			children = (
				2ADB1E63291E889700586F81 /* Demo.app */,
				2ADB1E74291E889F00586F81 /* DemoTests.xctest */,
				2ADB1E7E291E889F00586F81 /* DemoUITests.xctest */,
			);
			name = Products;
			sourceTree = "<group>";
		};
		2ADB1E65291E889700586F81 /* Demo */ = {
			isa = PBXGroup;
			children = (
				2ADB1E6C291E889E00586F81 /* Demo.entitlements */,
				2ADB1E66291E889700586F81 /* DemoApp.swift */,
				2ADB1E68291E889700586F81 /* ContentView.swift */,
				2ADB1E6A291E889E00586F81 /* Assets.xcassets */,
				2ADB1EA3291EB7C400586F81 /* APIs */,
				2ADB1E9A291EB73C00586F81 /* Extensions */,
				2ADB1E6D291E889E00586F81 /* Preview Content */,
				2ADB1E92291E92D000586F81 /* Models */,
				2ADB1E93291E92D600586F81 /* Views */,
			);
			path = Demo;
			sourceTree = "<group>";
		};
		2ADB1E6D291E889E00586F81 /* Preview Content */ = {
			isa = PBXGroup;
			children = (
				2ADB1E6E291E889E00586F81 /* Preview Assets.xcassets */,
			);
			path = "Preview Content";
			sourceTree = "<group>";
		};
		2ADB1E77291E889F00586F81 /* DemoTests */ = {
			isa = PBXGroup;
			children = (
				2ADB1E78291E889F00586F81 /* DemoTests.swift */,
			);
			path = DemoTests;
			sourceTree = "<group>";
		};
		2ADB1E81291E889F00586F81 /* DemoUITests */ = {
			isa = PBXGroup;
			children = (
				2ADB1E82291E889F00586F81 /* DemoUITests.swift */,
				2ADB1E84291E889F00586F81 /* DemoUITestsLaunchTests.swift */,
			);
			path = DemoUITests;
			sourceTree = "<group>";
		};
		2ADB1E92291E92D000586F81 /* Models */ = {
			isa = PBXGroup;
			children = (
				2ADB1E98291E92FC00586F81 /* CloudProvider.swift */,
				2ADB1E9D291EB79300586F81 /* GradientViewModifier.swift */,
				2ADB1EA1291EB7A800586F81 /* Pokemon.swift */,
				2ADB1E9F291EB79F00586F81 /* Sprites.swift */,
			);
			path = Models;
			sourceTree = "<group>";
		};
		2ADB1E93291E92D600586F81 /* Views */ = {
			isa = PBXGroup;
			children = (
				2ADB1E96291E92F300586F81 /* Cloud.swift */,
				2ADB1E94291E92EA00586F81 /* FloatingClouds.swift */,
				2ADB1EA8291EB7EB00586F81 /* ImageOptional.swift */,
				2ADB1EAA291EB80300586F81 /* PokemonButton.swift */,
				2ADB1EAC291EB81100586F81 /* PokemonView.swift */,
			);
			path = Views;
			sourceTree = "<group>";
		};
		2ADB1E9A291EB73C00586F81 /* Extensions */ = {
			isa = PBXGroup;
			children = (
				2ADB1EA6291EB7D900586F81 /* Image+.swift */,
				2ADB1E9B291EB74E00586F81 /* View+.swift */,
			);
			path = Extensions;
			sourceTree = "<group>";
		};
		2ADB1EA3291EB7C400586F81 /* APIs */ = {
			isa = PBXGroup;
			children = (
				2ADB1EA4291EB7CE00586F81 /* PokeAPI.swift */,
			);
			path = APIs;
			sourceTree = "<group>";
		};
/* End PBXGroup section */

/* Begin PBXNativeTarget section */
		2ADB1E62291E889700586F81 /* Demo */ = {
			isa = PBXNativeTarget;
			buildConfigurationList = 2ADB1E88291E889F00586F81 /* Build configuration list for PBXNativeTarget "Demo" */;
			buildPhases = (
				2ADB1E5F291E889700586F81 /* Sources */,
				2ADB1E60291E889700586F81 /* Frameworks */,
				2ADB1E61291E889700586F81 /* Resources */,
			);
			buildRules = (
			);
			dependencies = (
			);
			name = Demo;
			productName = Demo;
			productReference = 2ADB1E63291E889700586F81 /* Demo.app */;
			productType = "com.apple.product-type.application";
		};
		2ADB1E73291E889F00586F81 /* DemoTests */ = {
			isa = PBXNativeTarget;
			buildConfigurationList = 2ADB1E8B291E889F00586F81 /* Build configuration list for PBXNativeTarget "DemoTests" */;
			buildPhases = (
				2ADB1E70291E889F00586F81 /* Sources */,
				2ADB1E71291E889F00586F81 /* Frameworks */,
				2ADB1E72291E889F00586F81 /* Resources */,
			);
			buildRules = (
			);
			dependencies = (
				2ADB1E76291E889F00586F81 /* PBXTargetDependency */,
			);
			name = DemoTests;
			productName = DemoTests;
			productReference = 2ADB1E74291E889F00586F81 /* DemoTests.xctest */;
			productType = "com.apple.product-type.bundle.unit-test";
		};
		2ADB1E7D291E889F00586F81 /* DemoUITests */ = {
			isa = PBXNativeTarget;
			buildConfigurationList = 2ADB1E8E291E889F00586F81 /* Build configuration list for PBXNativeTarget "DemoUITests" */;
			buildPhases = (
				2ADB1E7A291E889F00586F81 /* Sources */,
				2ADB1E7B291E889F00586F81 /* Frameworks */,
				2ADB1E7C291E889F00586F81 /* Resources */,
			);
			buildRules = (
			);
			dependencies = (
				2ADB1E80291E889F00586F81 /* PBXTargetDependency */,
			);
			name = DemoUITests;
			productName = DemoUITests;
			productReference = 2ADB1E7E291E889F00586F81 /* DemoUITests.xctest */;
			productType = "com.apple.product-type.bundle.ui-testing";
		};
/* End PBXNativeTarget section */

/* Begin PBXProject section */
		2ADB1E5B291E889700586F81 /* Project object */ = {
			isa = PBXProject;
			attributes = {
				BuildIndependentTargetsInParallel = 1;
				LastSwiftUpdateCheck = 1410;
				LastUpgradeCheck = 1410;
				TargetAttributes = {
					2ADB1E62291E889700586F81 = {
						CreatedOnToolsVersion = 14.1;
					};
					2ADB1E73291E889F00586F81 = {
						CreatedOnToolsVersion = 14.1;
						TestTargetID = 2ADB1E62291E889700586F81;
					};
					2ADB1E7D291E889F00586F81 = {
						CreatedOnToolsVersion = 14.1;
						TestTargetID = 2ADB1E62291E889700586F81;
					};
				};
			};
			buildConfigurationList = 2ADB1E5E291E889700586F81 /* Build configuration list for PBXProject "Demo" */;
			compatibilityVersion = "Xcode 14.0";
			developmentRegion = en;
			hasScannedForEncodings = 0;
			knownRegions = (
				en,
				Base,
			);
			mainGroup = 2ADB1E5A291E889700586F81;
			productRefGroup = 2ADB1E64291E889700586F81 /* Products */;
			projectDirPath = "";
			projectRoot = "";
			targets = (
				2ADB1E62291E889700586F81 /* Demo */,
				2ADB1E73291E889F00586F81 /* DemoTests */,
				2ADB1E7D291E889F00586F81 /* DemoUITests */,
			);
		};
/* End PBXProject section */

/* Begin PBXResourcesBuildPhase section */
		2ADB1E61291E889700586F81 /* Resources */ = {
			isa = PBXResourcesBuildPhase;
			buildActionMask = 2147483647;
			files = (
				2ADB1E6F291E889E00586F81 /* Preview Assets.xcassets in Resources */,
				2ADB1E6B291E889E00586F81 /* Assets.xcassets in Resources */,
			);
			runOnlyForDeploymentPostprocessing = 0;
		};
		2ADB1E72291E889F00586F81 /* Resources */ = {
			isa = PBXResourcesBuildPhase;
			buildActionMask = 2147483647;
			files = (
			);
			runOnlyForDeploymentPostprocessing = 0;
		};
		2ADB1E7C291E889F00586F81 /* Resources */ = {
			isa = PBXResourcesBuildPhase;
			buildActionMask = 2147483647;
			files = (
			);
			runOnlyForDeploymentPostprocessing = 0;
		};
/* End PBXResourcesBuildPhase section */

/* Begin PBXSourcesBuildPhase section */
		2ADB1E5F291E889700586F81 /* Sources */ = {
			isa = PBXSourcesBuildPhase;
			buildActionMask = 2147483647;
			files = (
				2ADB1E69291E889700586F81 /* ContentView.swift in Sources */,
				2ADB1E99291E92FC00586F81 /* CloudProvider.swift in Sources */,
				2ADB1EA0291EB79F00586F81 /* Sprites.swift in Sources */,
				2ADB1EA9291EB7EB00586F81 /* ImageOptional.swift in Sources */,
				2ADB1EAD291EB81100586F81 /* PokemonView.swift in Sources */,
				2ADB1E97291E92F300586F81 /* Cloud.swift in Sources */,
				2ADB1E67291E889700586F81 /* DemoApp.swift in Sources */,
				2ADB1EA5291EB7CE00586F81 /* PokeAPI.swift in Sources */,
				2ADB1EAB291EB80300586F81 /* PokemonButton.swift in Sources */,
				2ADB1EA2291EB7A800586F81 /* Pokemon.swift in Sources */,
				2ADB1E9C291EB74E00586F81 /* View+.swift in Sources */,
				2ADB1E95291E92EA00586F81 /* FloatingClouds.swift in Sources */,
				2ADB1E9E291EB79300586F81 /* GradientViewModifier.swift in Sources */,
				2ADB1EA7291EB7D900586F81 /* Image+.swift in Sources */,
			);
			runOnlyForDeploymentPostprocessing = 0;
		};
		2ADB1E70291E889F00586F81 /* Sources */ = {
			isa = PBXSourcesBuildPhase;
			buildActionMask = 2147483647;
			files = (
				2ADB1E79291E889F00586F81 /* DemoTests.swift in Sources */,
			);
			runOnlyForDeploymentPostprocessing = 0;
		};
		2ADB1E7A291E889F00586F81 /* Sources */ = {
			isa = PBXSourcesBuildPhase;
			buildActionMask = 2147483647;
			files = (
				2ADB1E83291E889F00586F81 /* DemoUITests.swift in Sources */,
				2ADB1E85291E889F00586F81 /* DemoUITestsLaunchTests.swift in Sources */,
			);
			runOnlyForDeploymentPostprocessing = 0;
		};
/* End PBXSourcesBuildPhase section */

/* Begin PBXTargetDependency section */
		2ADB1E76291E889F00586F81 /* PBXTargetDependency */ = {
			isa = PBXTargetDependency;
			target = 2ADB1E62291E889700586F81 /* Demo */;
			targetProxy = 2ADB1E75291E889F00586F81 /* PBXContainerItemProxy */;
		};
		2ADB1E80291E889F00586F81 /* PBXTargetDependency */ = {
			isa = PBXTargetDependency;
			target = 2ADB1E62291E889700586F81 /* Demo */;
			targetProxy = 2ADB1E7F291E889F00586F81 /* PBXContainerItemProxy */;
		};
/* End PBXTargetDependency section */

/* Begin XCBuildConfiguration section */
		2ADB1E86291E889F00586F81 /* Debug */ = {
			isa = XCBuildConfiguration;
			buildSettings = {
				ALWAYS_SEARCH_USER_PATHS = NO;
				CLANG_ANALYZER_NONNULL = YES;
				CLANG_ANALYZER_NUMBER_OBJECT_CONVERSION = YES_AGGRESSIVE;
				CLANG_CXX_LANGUAGE_STANDARD = "gnu++20";
				CLANG_ENABLE_MODULES = YES;
				CLANG_ENABLE_OBJC_ARC = YES;
				CLANG_ENABLE_OBJC_WEAK = YES;
				CLANG_WARN_BLOCK_CAPTURE_AUTORELEASING = YES;
				CLANG_WARN_BOOL_CONVERSION = YES;
				CLANG_WARN_COMMA = YES;
				CLANG_WARN_CONSTANT_CONVERSION = YES;
				CLANG_WARN_DEPRECATED_OBJC_IMPLEMENTATIONS = YES;
				CLANG_WARN_DIRECT_OBJC_ISA_USAGE = YES_ERROR;
				CLANG_WARN_DOCUMENTATION_COMMENTS = YES;
				CLANG_WARN_EMPTY_BODY = YES;
				CLANG_WARN_ENUM_CONVERSION = YES;
				CLANG_WARN_INFINITE_RECURSION = YES;
				CLANG_WARN_INT_CONVERSION = YES;
				CLANG_WARN_NON_LITERAL_NULL_CONVERSION = YES;
				CLANG_WARN_OBJC_IMPLICIT_RETAIN_SELF = YES;
				CLANG_WARN_OBJC_LITERAL_CONVERSION = YES;
				CLANG_WARN_OBJC_ROOT_CLASS = YES_ERROR;
				CLANG_WARN_QUOTED_INCLUDE_IN_FRAMEWORK_HEADER = YES;
				CLANG_WARN_RANGE_LOOP_ANALYSIS = YES;
				CLANG_WARN_STRICT_PROTOTYPES = YES;
				CLANG_WARN_SUSPICIOUS_MOVE = YES;
				CLANG_WARN_UNGUARDED_AVAILABILITY = YES_AGGRESSIVE;
				CLANG_WARN_UNREACHABLE_CODE = YES;
				CLANG_WARN__DUPLICATE_METHOD_MATCH = YES;
				COPY_PHASE_STRIP = NO;
				DEBUG_INFORMATION_FORMAT = dwarf;
				ENABLE_STRICT_OBJC_MSGSEND = YES;
				ENABLE_TESTABILITY = YES;
				GCC_C_LANGUAGE_STANDARD = gnu11;
				GCC_DYNAMIC_NO_PIC = NO;
				GCC_NO_COMMON_BLOCKS = YES;
				GCC_OPTIMIZATION_LEVEL = 0;
				GCC_PREPROCESSOR_DEFINITIONS = (
					"DEBUG=1",
					"$(inherited)",
				);
				GCC_WARN_64_TO_32_BIT_CONVERSION = YES;
				GCC_WARN_ABOUT_RETURN_TYPE = YES_ERROR;
				GCC_WARN_UNDECLARED_SELECTOR = YES;
				GCC_WARN_UNINITIALIZED_AUTOS = YES_AGGRESSIVE;
				GCC_WARN_UNUSED_FUNCTION = YES;
				GCC_WARN_UNUSED_VARIABLE = YES;
				MTL_ENABLE_DEBUG_INFO = INCLUDE_SOURCE;
				MTL_FAST_MATH = YES;
				ONLY_ACTIVE_ARCH = YES;
				SWIFT_ACTIVE_COMPILATION_CONDITIONS = DEBUG;
				SWIFT_OPTIMIZATION_LEVEL = "-Onone";
			};
			name = Debug;
		};
		2ADB1E87291E889F00586F81 /* Release */ = {
			isa = XCBuildConfiguration;
			buildSettings = {
				ALWAYS_SEARCH_USER_PATHS = NO;
				CLANG_ANALYZER_NONNULL = YES;
				CLANG_ANALYZER_NUMBER_OBJECT_CONVERSION = YES_AGGRESSIVE;
				CLANG_CXX_LANGUAGE_STANDARD = "gnu++20";
				CLANG_ENABLE_MODULES = YES;
				CLANG_ENABLE_OBJC_ARC = YES;
				CLANG_ENABLE_OBJC_WEAK = YES;
				CLANG_WARN_BLOCK_CAPTURE_AUTORELEASING = YES;
				CLANG_WARN_BOOL_CONVERSION = YES;
				CLANG_WARN_COMMA = YES;
				CLANG_WARN_CONSTANT_CONVERSION = YES;
				CLANG_WARN_DEPRECATED_OBJC_IMPLEMENTATIONS = YES;
				CLANG_WARN_DIRECT_OBJC_ISA_USAGE = YES_ERROR;
				CLANG_WARN_DOCUMENTATION_COMMENTS = YES;
				CLANG_WARN_EMPTY_BODY = YES;
				CLANG_WARN_ENUM_CONVERSION = YES;
				CLANG_WARN_INFINITE_RECURSION = YES;
				CLANG_WARN_INT_CONVERSION = YES;
				CLANG_WARN_NON_LITERAL_NULL_CONVERSION = YES;
				CLANG_WARN_OBJC_IMPLICIT_RETAIN_SELF = YES;
				CLANG_WARN_OBJC_LITERAL_CONVERSION = YES;
				CLANG_WARN_OBJC_ROOT_CLASS = YES_ERROR;
				CLANG_WARN_QUOTED_INCLUDE_IN_FRAMEWORK_HEADER = YES;
				CLANG_WARN_RANGE_LOOP_ANALYSIS = YES;
				CLANG_WARN_STRICT_PROTOTYPES = YES;
				CLANG_WARN_SUSPICIOUS_MOVE = YES;
				CLANG_WARN_UNGUARDED_AVAILABILITY = YES_AGGRESSIVE;
				CLANG_WARN_UNREACHABLE_CODE = YES;
				CLANG_WARN__DUPLICATE_METHOD_MATCH = YES;
				COPY_PHASE_STRIP = NO;
				DEBUG_INFORMATION_FORMAT = "dwarf-with-dsym";
				ENABLE_NS_ASSERTIONS = NO;
				ENABLE_STRICT_OBJC_MSGSEND = YES;
				GCC_C_LANGUAGE_STANDARD = gnu11;
				GCC_NO_COMMON_BLOCKS = YES;
				GCC_WARN_64_TO_32_BIT_CONVERSION = YES;
				GCC_WARN_ABOUT_RETURN_TYPE = YES_ERROR;
				GCC_WARN_UNDECLARED_SELECTOR = YES;
				GCC_WARN_UNINITIALIZED_AUTOS = YES_AGGRESSIVE;
				GCC_WARN_UNUSED_FUNCTION = YES;
				GCC_WARN_UNUSED_VARIABLE = YES;
				MTL_ENABLE_DEBUG_INFO = NO;
				MTL_FAST_MATH = YES;
				SWIFT_COMPILATION_MODE = wholemodule;
				SWIFT_OPTIMIZATION_LEVEL = "-O";
			};
			name = Release;
		};
		2ADB1E89291E889F00586F81 /* Debug */ = {
			isa = XCBuildConfiguration;
			buildSettings = {
				ASSETCATALOG_COMPILER_APPICON_NAME = AppIcon;
				ASSETCATALOG_COMPILER_GLOBAL_ACCENT_COLOR_NAME = AccentColor;
				CODE_SIGN_ENTITLEMENTS = Demo/Demo.entitlements;
				CODE_SIGN_STYLE = Automatic;
				CURRENT_PROJECT_VERSION = 1;
				DEVELOPMENT_ASSET_PATHS = "\"Demo/Preview Content\"";
				DEVELOPMENT_TEAM = TTAZ99RD7L;
				ENABLE_HARDENED_RUNTIME = YES;
				ENABLE_PREVIEWS = YES;
				GENERATE_INFOPLIST_FILE = YES;
				"INFOPLIST_KEY_UIApplicationSceneManifest_Generation[sdk=iphoneos*]" = YES;
				"INFOPLIST_KEY_UIApplicationSceneManifest_Generation[sdk=iphonesimulator*]" = YES;
				"INFOPLIST_KEY_UIApplicationSupportsIndirectInputEvents[sdk=iphoneos*]" = YES;
				"INFOPLIST_KEY_UIApplicationSupportsIndirectInputEvents[sdk=iphonesimulator*]" = YES;
				"INFOPLIST_KEY_UILaunchScreen_Generation[sdk=iphoneos*]" = YES;
				"INFOPLIST_KEY_UILaunchScreen_Generation[sdk=iphonesimulator*]" = YES;
				"INFOPLIST_KEY_UIStatusBarStyle[sdk=iphoneos*]" = UIStatusBarStyleDefault;
				"INFOPLIST_KEY_UIStatusBarStyle[sdk=iphonesimulator*]" = UIStatusBarStyleDefault;
				INFOPLIST_KEY_UISupportedInterfaceOrientations_iPad = "UIInterfaceOrientationPortrait UIInterfaceOrientationPortraitUpsideDown UIInterfaceOrientationLandscapeLeft UIInterfaceOrientationLandscapeRight";
				INFOPLIST_KEY_UISupportedInterfaceOrientations_iPhone = "UIInterfaceOrientationPortrait UIInterfaceOrientationLandscapeLeft UIInterfaceOrientationLandscapeRight";
				IPHONEOS_DEPLOYMENT_TARGET = 15.6;
				LD_RUNPATH_SEARCH_PATHS = "@executable_path/Frameworks";
				"LD_RUNPATH_SEARCH_PATHS[sdk=macosx*]" = "@executable_path/../Frameworks";
				MACOSX_DEPLOYMENT_TARGET = 12.5;
				MARKETING_VERSION = 1.0;
				PRODUCT_BUNDLE_IDENTIFIER = com.farren.Demo;
				PRODUCT_NAME = "$(TARGET_NAME)";
				SDKROOT = auto;
				SUPPORTED_PLATFORMS = "iphoneos iphonesimulator macosx";
				SWIFT_EMIT_LOC_STRINGS = YES;
				SWIFT_VERSION = 5.0;
				TARGETED_DEVICE_FAMILY = "1,2";
			};
			name = Debug;
		};
		2ADB1E8A291E889F00586F81 /* Release */ = {
			isa = XCBuildConfiguration;
			buildSettings = {
				ASSETCATALOG_COMPILER_APPICON_NAME = AppIcon;
				ASSETCATALOG_COMPILER_GLOBAL_ACCENT_COLOR_NAME = AccentColor;
				CODE_SIGN_ENTITLEMENTS = Demo/Demo.entitlements;
				CODE_SIGN_STYLE = Automatic;
				CURRENT_PROJECT_VERSION = 1;
				DEVELOPMENT_ASSET_PATHS = "\"Demo/Preview Content\"";
				DEVELOPMENT_TEAM = TTAZ99RD7L;
				ENABLE_HARDENED_RUNTIME = YES;
				ENABLE_PREVIEWS = YES;
				GENERATE_INFOPLIST_FILE = YES;
				"INFOPLIST_KEY_UIApplicationSceneManifest_Generation[sdk=iphoneos*]" = YES;
				"INFOPLIST_KEY_UIApplicationSceneManifest_Generation[sdk=iphonesimulator*]" = YES;
				"INFOPLIST_KEY_UIApplicationSupportsIndirectInputEvents[sdk=iphoneos*]" = YES;
				"INFOPLIST_KEY_UIApplicationSupportsIndirectInputEvents[sdk=iphonesimulator*]" = YES;
				"INFOPLIST_KEY_UILaunchScreen_Generation[sdk=iphoneos*]" = YES;
				"INFOPLIST_KEY_UILaunchScreen_Generation[sdk=iphonesimulator*]" = YES;
				"INFOPLIST_KEY_UIStatusBarStyle[sdk=iphoneos*]" = UIStatusBarStyleDefault;
				"INFOPLIST_KEY_UIStatusBarStyle[sdk=iphonesimulator*]" = UIStatusBarStyleDefault;
				INFOPLIST_KEY_UISupportedInterfaceOrientations_iPad = "UIInterfaceOrientationPortrait UIInterfaceOrientationPortraitUpsideDown UIInterfaceOrientationLandscapeLeft UIInterfaceOrientationLandscapeRight";
				INFOPLIST_KEY_UISupportedInterfaceOrientations_iPhone = "UIInterfaceOrientationPortrait UIInterfaceOrientationLandscapeLeft UIInterfaceOrientationLandscapeRight";
				IPHONEOS_DEPLOYMENT_TARGET = 15.6;
				LD_RUNPATH_SEARCH_PATHS = "@executable_path/Frameworks";
				"LD_RUNPATH_SEARCH_PATHS[sdk=macosx*]" = "@executable_path/../Frameworks";
				MACOSX_DEPLOYMENT_TARGET = 12.5;
				MARKETING_VERSION = 1.0;
				PRODUCT_BUNDLE_IDENTIFIER = com.farren.Demo;
				PRODUCT_NAME = "$(TARGET_NAME)";
				SDKROOT = auto;
				SUPPORTED_PLATFORMS = "iphoneos iphonesimulator macosx";
				SWIFT_EMIT_LOC_STRINGS = YES;
				SWIFT_VERSION = 5.0;
				TARGETED_DEVICE_FAMILY = "1,2";
			};
			name = Release;
		};
		2ADB1E8C291E889F00586F81 /* Debug */ = {
			isa = XCBuildConfiguration;
			buildSettings = {
				ALWAYS_EMBED_SWIFT_STANDARD_LIBRARIES = YES;
				BUNDLE_LOADER = "$(TEST_HOST)";
				CODE_SIGN_STYLE = Automatic;
				CURRENT_PROJECT_VERSION = 1;
				DEVELOPMENT_TEAM = TTAZ99RD7L;
				GENERATE_INFOPLIST_FILE = YES;
				IPHONEOS_DEPLOYMENT_TARGET = 15.6;
				MACOSX_DEPLOYMENT_TARGET = 12.5;
				MARKETING_VERSION = 1.0;
				PRODUCT_BUNDLE_IDENTIFIER = com.farren.DemoTests;
				PRODUCT_NAME = "$(TARGET_NAME)";
				SDKROOT = auto;
				SUPPORTED_PLATFORMS = "iphoneos iphonesimulator macosx";
				SWIFT_EMIT_LOC_STRINGS = NO;
				SWIFT_VERSION = 5.0;
				TARGETED_DEVICE_FAMILY = "1,2";
				TEST_HOST = "$(BUILT_PRODUCTS_DIR)/Demo.app/$(BUNDLE_EXECUTABLE_FOLDER_PATH)/Demo";
			};
			name = Debug;
		};
		2ADB1E8D291E889F00586F81 /* Release */ = {
			isa = XCBuildConfiguration;
			buildSettings = {
				ALWAYS_EMBED_SWIFT_STANDARD_LIBRARIES = YES;
				BUNDLE_LOADER = "$(TEST_HOST)";
				CODE_SIGN_STYLE = Automatic;
				CURRENT_PROJECT_VERSION = 1;
				DEVELOPMENT_TEAM = TTAZ99RD7L;
				GENERATE_INFOPLIST_FILE = YES;
				IPHONEOS_DEPLOYMENT_TARGET = 15.6;
				MACOSX_DEPLOYMENT_TARGET = 12.5;
				MARKETING_VERSION = 1.0;
				PRODUCT_BUNDLE_IDENTIFIER = com.farren.DemoTests;
				PRODUCT_NAME = "$(TARGET_NAME)";
				SDKROOT = auto;
				SUPPORTED_PLATFORMS = "iphoneos iphonesimulator macosx";
				SWIFT_EMIT_LOC_STRINGS = NO;
				SWIFT_VERSION = 5.0;
				TARGETED_DEVICE_FAMILY = "1,2";
				TEST_HOST = "$(BUILT_PRODUCTS_DIR)/Demo.app/$(BUNDLE_EXECUTABLE_FOLDER_PATH)/Demo";
			};
			name = Release;
		};
		2ADB1E8F291E889F00586F81 /* Debug */ = {
			isa = XCBuildConfiguration;
			buildSettings = {
				ALWAYS_EMBED_SWIFT_STANDARD_LIBRARIES = YES;
				CODE_SIGN_STYLE = Automatic;
				CURRENT_PROJECT_VERSION = 1;
				DEVELOPMENT_TEAM = TTAZ99RD7L;
				GENERATE_INFOPLIST_FILE = YES;
				IPHONEOS_DEPLOYMENT_TARGET = 16.1;
				MACOSX_DEPLOYMENT_TARGET = 12.5;
				MARKETING_VERSION = 1.0;
				PRODUCT_BUNDLE_IDENTIFIER = com.farren.DemoUITests;
				PRODUCT_NAME = "$(TARGET_NAME)";
				SDKROOT = auto;
				SUPPORTED_PLATFORMS = "iphoneos iphonesimulator macosx";
				SWIFT_EMIT_LOC_STRINGS = NO;
				SWIFT_VERSION = 5.0;
				TARGETED_DEVICE_FAMILY = "1,2";
				TEST_TARGET_NAME = Demo;
			};
			name = Debug;
		};
		2ADB1E90291E889F00586F81 /* Release */ = {
			isa = XCBuildConfiguration;
			buildSettings = {
				ALWAYS_EMBED_SWIFT_STANDARD_LIBRARIES = YES;
				CODE_SIGN_STYLE = Automatic;
				CURRENT_PROJECT_VERSION = 1;
				DEVELOPMENT_TEAM = TTAZ99RD7L;
				GENERATE_INFOPLIST_FILE = YES;
				IPHONEOS_DEPLOYMENT_TARGET = 16.1;
				MACOSX_DEPLOYMENT_TARGET = 12.5;
				MARKETING_VERSION = 1.0;
				PRODUCT_BUNDLE_IDENTIFIER = com.farren.DemoUITests;
				PRODUCT_NAME = "$(TARGET_NAME)";
				SDKROOT = auto;
				SUPPORTED_PLATFORMS = "iphoneos iphonesimulator macosx";
				SWIFT_EMIT_LOC_STRINGS = NO;
				SWIFT_VERSION = 5.0;
				TARGETED_DEVICE_FAMILY = "1,2";
				TEST_TARGET_NAME = Demo;
			};
			name = Release;
		};
/* End XCBuildConfiguration section */

/* Begin XCConfigurationList section */
		2ADB1E5E291E889700586F81 /* Build configuration list for PBXProject "Demo" */ = {
			isa = XCConfigurationList;
			buildConfigurations = (
				2ADB1E86291E889F00586F81 /* Debug */,
				2ADB1E87291E889F00586F81 /* Release */,
			);
			defaultConfigurationIsVisible = 0;
			defaultConfigurationName = Release;
		};
		2ADB1E88291E889F00586F81 /* Build configuration list for PBXNativeTarget "Demo" */ = {
			isa = XCConfigurationList;
			buildConfigurations = (
				2ADB1E89291E889F00586F81 /* Debug */,
				2ADB1E8A291E889F00586F81 /* Release */,
			);
			defaultConfigurationIsVisible = 0;
			defaultConfigurationName = Release;
		};
		2ADB1E8B291E889F00586F81 /* Build configuration list for PBXNativeTarget "DemoTests" */ = {
			isa = XCConfigurationList;
			buildConfigurations = (
				2ADB1E8C291E889F00586F81 /* Debug */,
				2ADB1E8D291E889F00586F81 /* Release */,
			);
			defaultConfigurationIsVisible = 0;
			defaultConfigurationName = Release;
		};
		2ADB1E8E291E889F00586F81 /* Build configuration list for PBXNativeTarget "DemoUITests" */ = {
			isa = XCConfigurationList;
			buildConfigurations = (
				2ADB1E8F291E889F00586F81 /* Debug */,
				2ADB1E90291E889F00586F81 /* Release */,
			);
			defaultConfigurationIsVisible = 0;
			defaultConfigurationName = Release;
		};
/* End XCConfigurationList section */
	};
	rootObject = 2ADB1E5B291E889700586F81 /* Project object */;
}
